// !$*UTF8*$!
{
	archiveVersion = 1;
	classes = {
	};
	objectVersion = 56;
	objects = {

/* Begin PBXBuildFile section */
		AEFF57F02D035670008C1C70 /* AppDelegate.swift in Sources */ = {isa = PBXBuildFile; fileRef = AEFF57EF2D035670008C1C70 /* AppDelegate.swift */; };
		AEFF57F42D035670008C1C70 /* ViewController.swift in Sources */ = {isa = PBXBuildFile; fileRef = AEFF57F32D035670008C1C70 /* ViewController.swift */; };
		AEFF57F72D035670008C1C70 /* Main.storyboard in Resources */ = {isa = PBXBuildFile; fileRef = AEFF57F52D035670008C1C70 /* Main.storyboard */; };
		AEFF57F92D035671008C1C70 /* Assets.xcassets in Resources */ = {isa = PBXBuildFile; fileRef = AEFF57F82D035671008C1C70 /* Assets.xcassets */; };
		AEFF57FC2D035671008C1C70 /* LaunchScreen.storyboard in Resources */ = {isa = PBXBuildFile; fileRef = AEFF57FA2D035671008C1C70 /* LaunchScreen.storyboard */; };
		AEFF58072D035671008C1C70 /* LWW_Element_DictionaryTests.swift in Sources */ = {isa = PBXBuildFile; fileRef = AEFF58062D035671008C1C70 /* LWW_Element_DictionaryTests.swift */; };
		AEFF58112D035671008C1C70 /* LWW_Element_DictionaryUITests.swift in Sources */ = {isa = PBXBuildFile; fileRef = AEFF58102D035671008C1C70 /* LWW_Element_DictionaryUITests.swift */; };
		AEFF58132D035671008C1C70 /* LWW_Element_DictionaryUITestsLaunchTests.swift in Sources */ = {isa = PBXBuildFile; fileRef = AEFF58122D035671008C1C70 /* LWW_Element_DictionaryUITestsLaunchTests.swift */; };
		AEFF58202D0356BE008C1C70 /* LWWElementDictionaryInterface.swift in Sources */ = {isa = PBXBuildFile; fileRef = AEFF581F2D0356BE008C1C70 /* LWWElementDictionaryInterface.swift */; };
		AEFF58222D0356D6008C1C70 /* LWWElementDictionaryDefault.swift in Sources */ = {isa = PBXBuildFile; fileRef = AEFF58212D0356D6008C1C70 /* LWWElementDictionaryDefault.swift */; };
		AEFF58242D0359D0008C1C70 /* ThreadSafetyDictionary.swift in Sources */ = {isa = PBXBuildFile; fileRef = AEFF58232D0359D0008C1C70 /* ThreadSafetyDictionary.swift */; };
/* End PBXBuildFile section */

/* Begin PBXContainerItemProxy section */
		AEFF58032D035671008C1C70 /* PBXContainerItemProxy */ = {
			isa = PBXContainerItemProxy;
			containerPortal = AEFF57E42D035670008C1C70 /* Project object */;
			proxyType = 1;
			remoteGlobalIDString = AEFF57EB2D035670008C1C70;
			remoteInfo = "LWW-Element-Dictionary";
		};
		AEFF580D2D035671008C1C70 /* PBXContainerItemProxy */ = {
			isa = PBXContainerItemProxy;
			containerPortal = AEFF57E42D035670008C1C70 /* Project object */;
			proxyType = 1;
			remoteGlobalIDString = AEFF57EB2D035670008C1C70;
			remoteInfo = "LWW-Element-Dictionary";
		};
/* End PBXContainerItemProxy section */

/* Begin PBXFileReference section */
		AEFF57EC2D035670008C1C70 /* LWW-Element-Dictionary.app */ = {isa = PBXFileReference; explicitFileType = wrapper.application; includeInIndex = 0; path = "LWW-Element-Dictionary.app"; sourceTree = BUILT_PRODUCTS_DIR; };
		AEFF57EF2D035670008C1C70 /* AppDelegate.swift */ = {isa = PBXFileReference; lastKnownFileType = sourcecode.swift; path = AppDelegate.swift; sourceTree = "<group>"; };
		AEFF57F32D035670008C1C70 /* ViewController.swift */ = {isa = PBXFileReference; lastKnownFileType = sourcecode.swift; path = ViewController.swift; sourceTree = "<group>"; };
		AEFF57F62D035670008C1C70 /* Base */ = {isa = PBXFileReference; lastKnownFileType = file.storyboard; name = Base; path = Base.lproj/Main.storyboard; sourceTree = "<group>"; };
		AEFF57F82D035671008C1C70 /* Assets.xcassets */ = {isa = PBXFileReference; lastKnownFileType = folder.assetcatalog; path = Assets.xcassets; sourceTree = "<group>"; };
		AEFF57FB2D035671008C1C70 /* Base */ = {isa = PBXFileReference; lastKnownFileType = file.storyboard; name = Base; path = Base.lproj/LaunchScreen.storyboard; sourceTree = "<group>"; };
		AEFF57FD2D035671008C1C70 /* Info.plist */ = {isa = PBXFileReference; lastKnownFileType = text.plist.xml; path = Info.plist; sourceTree = "<group>"; };
		AEFF58022D035671008C1C70 /* LWW-Element-DictionaryTests.xctest */ = {isa = PBXFileReference; explicitFileType = wrapper.cfbundle; includeInIndex = 0; path = "LWW-Element-DictionaryTests.xctest"; sourceTree = BUILT_PRODUCTS_DIR; };
		AEFF58062D035671008C1C70 /* LWW_Element_DictionaryTests.swift */ = {isa = PBXFileReference; lastKnownFileType = sourcecode.swift; path = LWW_Element_DictionaryTests.swift; sourceTree = "<group>"; };
		AEFF580C2D035671008C1C70 /* LWW-Element-DictionaryUITests.xctest */ = {isa = PBXFileReference; explicitFileType = wrapper.cfbundle; includeInIndex = 0; path = "LWW-Element-DictionaryUITests.xctest"; sourceTree = BUILT_PRODUCTS_DIR; };
		AEFF58102D035671008C1C70 /* LWW_Element_DictionaryUITests.swift */ = {isa = PBXFileReference; lastKnownFileType = sourcecode.swift; path = LWW_Element_DictionaryUITests.swift; sourceTree = "<group>"; };
		AEFF58122D035671008C1C70 /* LWW_Element_DictionaryUITestsLaunchTests.swift */ = {isa = PBXFileReference; lastKnownFileType = sourcecode.swift; path = LWW_Element_DictionaryUITestsLaunchTests.swift; sourceTree = "<group>"; };
		AEFF581F2D0356BE008C1C70 /* LWWElementDictionaryInterface.swift */ = {isa = PBXFileReference; lastKnownFileType = sourcecode.swift; path = LWWElementDictionaryInterface.swift; sourceTree = "<group>"; };
		AEFF58212D0356D6008C1C70 /* LWWElementDictionaryDefault.swift */ = {isa = PBXFileReference; lastKnownFileType = sourcecode.swift; path = LWWElementDictionaryDefault.swift; sourceTree = "<group>"; };
		AEFF58232D0359D0008C1C70 /* ThreadSafetyDictionary.swift */ = {isa = PBXFileReference; lastKnownFileType = sourcecode.swift; path = ThreadSafetyDictionary.swift; sourceTree = "<group>"; };
/* End PBXFileReference section */

/* Begin PBXFrameworksBuildPhase section */
		AEFF57E92D035670008C1C70 /* Frameworks */ = {
			isa = PBXFrameworksBuildPhase;
			buildActionMask = 2147483647;
			files = (
			);
			runOnlyForDeploymentPostprocessing = 0;
		};
		AEFF57FF2D035671008C1C70 /* Frameworks */ = {
			isa = PBXFrameworksBuildPhase;
			buildActionMask = 2147483647;
			files = (
			);
			runOnlyForDeploymentPostprocessing = 0;
		};
		AEFF58092D035671008C1C70 /* Frameworks */ = {
			isa = PBXFrameworksBuildPhase;
			buildActionMask = 2147483647;
			files = (
			);
			runOnlyForDeploymentPostprocessing = 0;
		};
/* End PBXFrameworksBuildPhase section */

/* Begin PBXGroup section */
		AEFF57E32D035670008C1C70 = {
			isa = PBXGroup;
			children = (
				AEFF57EE2D035670008C1C70 /* LWW-Element-Dictionary */,
				AEFF58052D035671008C1C70 /* LWW-Element-DictionaryTests */,
				AEFF580F2D035671008C1C70 /* LWW-Element-DictionaryUITests */,
				AEFF57ED2D035670008C1C70 /* Products */,
			);
			sourceTree = "<group>";
		};
		AEFF57ED2D035670008C1C70 /* Products */ = {
			isa = PBXGroup;
			children = (
				AEFF57EC2D035670008C1C70 /* LWW-Element-Dictionary.app */,
				AEFF58022D035671008C1C70 /* LWW-Element-DictionaryTests.xctest */,
				AEFF580C2D035671008C1C70 /* LWW-Element-DictionaryUITests.xctest */,
			);
			name = Products;
			sourceTree = "<group>";
		};
		AEFF57EE2D035670008C1C70 /* LWW-Element-Dictionary */ = {
			isa = PBXGroup;
			children = (
				AEFF581F2D0356BE008C1C70 /* LWWElementDictionaryInterface.swift */,
				AEFF58212D0356D6008C1C70 /* LWWElementDictionaryDefault.swift */,
				AEFF58232D0359D0008C1C70 /* ThreadSafetyDictionary.swift */,
				AEFF57EF2D035670008C1C70 /* AppDelegate.swift */,
				AEFF57F32D035670008C1C70 /* ViewController.swift */,
				AEFF57F52D035670008C1C70 /* Main.storyboard */,
				AEFF57F82D035671008C1C70 /* Assets.xcassets */,
				AEFF57FA2D035671008C1C70 /* LaunchScreen.storyboard */,
				AEFF57FD2D035671008C1C70 /* Info.plist */,
			);
			path = "LWW-Element-Dictionary";
			sourceTree = "<group>";
		};
		AEFF58052D035671008C1C70 /* LWW-Element-DictionaryTests */ = {
			isa = PBXGroup;
			children = (
				AEFF58062D035671008C1C70 /* LWW_Element_DictionaryTests.swift */,
			);
			path = "LWW-Element-DictionaryTests";
			sourceTree = "<group>";
		};
		AEFF580F2D035671008C1C70 /* LWW-Element-DictionaryUITests */ = {
			isa = PBXGroup;
			children = (
				AEFF58102D035671008C1C70 /* LWW_Element_DictionaryUITests.swift */,
				AEFF58122D035671008C1C70 /* LWW_Element_DictionaryUITestsLaunchTests.swift */,
			);
			path = "LWW-Element-DictionaryUITests";
			sourceTree = "<group>";
		};
/* End PBXGroup section */

/* Begin PBXNativeTarget section */
		AEFF57EB2D035670008C1C70 /* LWW-Element-Dictionary */ = {
			isa = PBXNativeTarget;
			buildConfigurationList = AEFF58162D035671008C1C70 /* Build configuration list for PBXNativeTarget "LWW-Element-Dictionary" */;
			buildPhases = (
				AEFF57E82D035670008C1C70 /* Sources */,
				AEFF57E92D035670008C1C70 /* Frameworks */,
				AEFF57EA2D035670008C1C70 /* Resources */,
			);
			buildRules = (
			);
			dependencies = (
			);
			name = "LWW-Element-Dictionary";
			productName = "LWW-Element-Dictionary";
			productReference = AEFF57EC2D035670008C1C70 /* LWW-Element-Dictionary.app */;
			productType = "com.apple.product-type.application";
		};
		AEFF58012D035671008C1C70 /* LWW-Element-DictionaryTests */ = {
			isa = PBXNativeTarget;
			buildConfigurationList = AEFF58192D035671008C1C70 /* Build configuration list for PBXNativeTarget "LWW-Element-DictionaryTests" */;
			buildPhases = (
				AEFF57FE2D035671008C1C70 /* Sources */,
				AEFF57FF2D035671008C1C70 /* Frameworks */,
				AEFF58002D035671008C1C70 /* Resources */,
			);
			buildRules = (
			);
			dependencies = (
				AEFF58042D035671008C1C70 /* PBXTargetDependency */,
			);
			name = "LWW-Element-DictionaryTests";
			productName = "LWW-Element-DictionaryTests";
			productReference = AEFF58022D035671008C1C70 /* LWW-Element-DictionaryTests.xctest */;
			productType = "com.apple.product-type.bundle.unit-test";
		};
		AEFF580B2D035671008C1C70 /* LWW-Element-DictionaryUITests */ = {
			isa = PBXNativeTarget;
			buildConfigurationList = AEFF581C2D035671008C1C70 /* Build configuration list for PBXNativeTarget "LWW-Element-DictionaryUITests" */;
			buildPhases = (
				AEFF58082D035671008C1C70 /* Sources */,
				AEFF58092D035671008C1C70 /* Frameworks */,
				AEFF580A2D035671008C1C70 /* Resources */,
			);
			buildRules = (
			);
			dependencies = (
				AEFF580E2D035671008C1C70 /* PBXTargetDependency */,
			);
			name = "LWW-Element-DictionaryUITests";
			productName = "LWW-Element-DictionaryUITests";
			productReference = AEFF580C2D035671008C1C70 /* LWW-Element-DictionaryUITests.xctest */;
			productType = "com.apple.product-type.bundle.ui-testing";
		};
/* End PBXNativeTarget section */

/* Begin PBXProject section */
		AEFF57E42D035670008C1C70 /* Project object */ = {
			isa = PBXProject;
			attributes = {
				BuildIndependentTargetsInParallel = 1;
				LastSwiftUpdateCheck = 1510;
				LastUpgradeCheck = 1510;
				TargetAttributes = {
					AEFF57EB2D035670008C1C70 = {
						CreatedOnToolsVersion = 15.1;
					};
					AEFF58012D035671008C1C70 = {
						CreatedOnToolsVersion = 15.1;
						TestTargetID = AEFF57EB2D035670008C1C70;
					};
					AEFF580B2D035671008C1C70 = {
						CreatedOnToolsVersion = 15.1;
						TestTargetID = AEFF57EB2D035670008C1C70;
					};
				};
			};
			buildConfigurationList = AEFF57E72D035670008C1C70 /* Build configuration list for PBXProject "LWW-Element-Dictionary" */;
			compatibilityVersion = "Xcode 14.0";
			developmentRegion = en;
			hasScannedForEncodings = 0;
			knownRegions = (
				en,
				Base,
			);
			mainGroup = AEFF57E32D035670008C1C70;
			productRefGroup = AEFF57ED2D035670008C1C70 /* Products */;
			projectDirPath = "";
			projectRoot = "";
			targets = (
				AEFF57EB2D035670008C1C70 /* LWW-Element-Dictionary */,
				AEFF58012D035671008C1C70 /* LWW-Element-DictionaryTests */,
				AEFF580B2D035671008C1C70 /* LWW-Element-DictionaryUITests */,
			);
		};
/* End PBXProject section */

/* Begin PBXResourcesBuildPhase section */
		AEFF57EA2D035670008C1C70 /* Resources */ = {
			isa = PBXResourcesBuildPhase;
			buildActionMask = 2147483647;
			files = (
				AEFF57FC2D035671008C1C70 /* LaunchScreen.storyboard in Resources */,
				AEFF57F92D035671008C1C70 /* Assets.xcassets in Resources */,
				AEFF57F72D035670008C1C70 /* Main.storyboard in Resources */,
			);
			runOnlyForDeploymentPostprocessing = 0;
		};
		AEFF58002D035671008C1C70 /* Resources */ = {
			isa = PBXResourcesBuildPhase;
			buildActionMask = 2147483647;
			files = (
			);
			runOnlyForDeploymentPostprocessing = 0;
		};
		AEFF580A2D035671008C1C70 /* Resources */ = {
			isa = PBXResourcesBuildPhase;
			buildActionMask = 2147483647;
			files = (
			);
			runOnlyForDeploymentPostprocessing = 0;
		};
/* End PBXResourcesBuildPhase section */

/* Begin PBXSourcesBuildPhase section */
		AEFF57E82D035670008C1C70 /* Sources */ = {
			isa = PBXSourcesBuildPhase;
			buildActionMask = 2147483647;
			files = (
				AEFF57F42D035670008C1C70 /* ViewController.swift in Sources */,
				AEFF58242D0359D0008C1C70 /* ThreadSafetyDictionary.swift in Sources */,
				AEFF58202D0356BE008C1C70 /* LWWElementDictionaryInterface.swift in Sources */,
				AEFF58222D0356D6008C1C70 /* LWWElementDictionaryDefault.swift in Sources */,
				AEFF57F02D035670008C1C70 /* AppDelegate.swift in Sources */,
			);
			runOnlyForDeploymentPostprocessing = 0;
		};
		AEFF57FE2D035671008C1C70 /* Sources */ = {
			isa = PBXSourcesBuildPhase;
			buildActionMask = 2147483647;
			files = (
				AEFF58072D035671008C1C70 /* LWW_Element_DictionaryTests.swift in Sources */,
			);
			runOnlyForDeploymentPostprocessing = 0;
		};
		AEFF58082D035671008C1C70 /* Sources */ = {
			isa = PBXSourcesBuildPhase;
			buildActionMask = 2147483647;
			files = (
				AEFF58132D035671008C1C70 /* LWW_Element_DictionaryUITestsLaunchTests.swift in Sources */,
				AEFF58112D035671008C1C70 /* LWW_Element_DictionaryUITests.swift in Sources */,
			);
			runOnlyForDeploymentPostprocessing = 0;
		};
/* End PBXSourcesBuildPhase section */

/* Begin PBXTargetDependency section */
		AEFF58042D035671008C1C70 /* PBXTargetDependency */ = {
			isa = PBXTargetDependency;
			target = AEFF57EB2D035670008C1C70 /* LWW-Element-Dictionary */;
			targetProxy = AEFF58032D035671008C1C70 /* PBXContainerItemProxy */;
		};
		AEFF580E2D035671008C1C70 /* PBXTargetDependency */ = {
			isa = PBXTargetDependency;
			target = AEFF57EB2D035670008C1C70 /* LWW-Element-Dictionary */;
			targetProxy = AEFF580D2D035671008C1C70 /* PBXContainerItemProxy */;
		};
/* End PBXTargetDependency section */

/* Begin PBXVariantGroup section */
		AEFF57F52D035670008C1C70 /* Main.storyboard */ = {
			isa = PBXVariantGroup;
			children = (
				AEFF57F62D035670008C1C70 /* Base */,
			);
			name = Main.storyboard;
			sourceTree = "<group>";
		};
		AEFF57FA2D035671008C1C70 /* LaunchScreen.storyboard */ = {
			isa = PBXVariantGroup;
			children = (
				AEFF57FB2D035671008C1C70 /* Base */,
			);
			name = LaunchScreen.storyboard;
			sourceTree = "<group>";
		};
/* End PBXVariantGroup section */

/* Begin XCBuildConfiguration section */
		AEFF58142D035671008C1C70 /* Debug */ = {
			isa = XCBuildConfiguration;
			buildSettings = {
				ALWAYS_SEARCH_USER_PATHS = NO;
				ASSETCATALOG_COMPILER_GENERATE_SWIFT_ASSET_SYMBOL_EXTENSIONS = YES;
				CLANG_ANALYZER_NONNULL = YES;
				CLANG_ANALYZER_NUMBER_OBJECT_CONVERSION = YES_AGGRESSIVE;
				CLANG_CXX_LANGUAGE_STANDARD = "gnu++20";
				CLANG_ENABLE_MODULES = YES;
				CLANG_ENABLE_OBJC_ARC = YES;
				CLANG_ENABLE_OBJC_WEAK = YES;
				CLANG_WARN_BLOCK_CAPTURE_AUTORELEASING = YES;
				CLANG_WARN_BOOL_CONVERSION = YES;
				CLANG_WARN_COMMA = YES;
				CLANG_WARN_CONSTANT_CONVERSION = YES;
				CLANG_WARN_DEPRECATED_OBJC_IMPLEMENTATIONS = YES;
				CLANG_WARN_DIRECT_OBJC_ISA_USAGE = YES_ERROR;
				CLANG_WARN_DOCUMENTATION_COMMENTS = YES;
				CLANG_WARN_EMPTY_BODY = YES;
				CLANG_WARN_ENUM_CONVERSION = YES;
				CLANG_WARN_INFINITE_RECURSION = YES;
				CLANG_WARN_INT_CONVERSION = YES;
				CLANG_WARN_NON_LITERAL_NULL_CONVERSION = YES;
				CLANG_WARN_OBJC_IMPLICIT_RETAIN_SELF = YES;
				CLANG_WARN_OBJC_LITERAL_CONVERSION = YES;
				CLANG_WARN_OBJC_ROOT_CLASS = YES_ERROR;
				CLANG_WARN_QUOTED_INCLUDE_IN_FRAMEWORK_HEADER = YES;
				CLANG_WARN_RANGE_LOOP_ANALYSIS = YES;
				CLANG_WARN_STRICT_PROTOTYPES = YES;
				CLANG_WARN_SUSPICIOUS_MOVE = YES;
				CLANG_WARN_UNGUARDED_AVAILABILITY = YES_AGGRESSIVE;
				CLANG_WARN_UNREACHABLE_CODE = YES;
				CLANG_WARN__DUPLICATE_METHOD_MATCH = YES;
				COPY_PHASE_STRIP = NO;
				DEBUG_INFORMATION_FORMAT = dwarf;
				ENABLE_STRICT_OBJC_MSGSEND = YES;
				ENABLE_TESTABILITY = YES;
				ENABLE_USER_SCRIPT_SANDBOXING = YES;
				GCC_C_LANGUAGE_STANDARD = gnu17;
				GCC_DYNAMIC_NO_PIC = NO;
				GCC_NO_COMMON_BLOCKS = YES;
				GCC_OPTIMIZATION_LEVEL = 0;
				GCC_PREPROCESSOR_DEFINITIONS = (
					"DEBUG=1",
					"$(inherited)",
				);
				GCC_WARN_64_TO_32_BIT_CONVERSION = YES;
				GCC_WARN_ABOUT_RETURN_TYPE = YES_ERROR;
				GCC_WARN_UNDECLARED_SELECTOR = YES;
				GCC_WARN_UNINITIALIZED_AUTOS = YES_AGGRESSIVE;
				GCC_WARN_UNUSED_FUNCTION = YES;
				GCC_WARN_UNUSED_VARIABLE = YES;
				IPHONEOS_DEPLOYMENT_TARGET = 17.2;
				LOCALIZATION_PREFERS_STRING_CATALOGS = YES;
				MTL_ENABLE_DEBUG_INFO = INCLUDE_SOURCE;
				MTL_FAST_MATH = YES;
				ONLY_ACTIVE_ARCH = YES;
				SDKROOT = iphoneos;
				SWIFT_ACTIVE_COMPILATION_CONDITIONS = "DEBUG $(inherited)";
				SWIFT_OPTIMIZATION_LEVEL = "-Onone";
			};
			name = Debug;
		};
		AEFF58152D035671008C1C70 /* Release */ = {
			isa = XCBuildConfiguration;
			buildSettings = {
				ALWAYS_SEARCH_USER_PATHS = NO;
				ASSETCATALOG_COMPILER_GENERATE_SWIFT_ASSET_SYMBOL_EXTENSIONS = YES;
				CLANG_ANALYZER_NONNULL = YES;
				CLANG_ANALYZER_NUMBER_OBJECT_CONVERSION = YES_AGGRESSIVE;
				CLANG_CXX_LANGUAGE_STANDARD = "gnu++20";
				CLANG_ENABLE_MODULES = YES;
				CLANG_ENABLE_OBJC_ARC = YES;
				CLANG_ENABLE_OBJC_WEAK = YES;
				CLANG_WARN_BLOCK_CAPTURE_AUTORELEASING = YES;
				CLANG_WARN_BOOL_CONVERSION = YES;
				CLANG_WARN_COMMA = YES;
				CLANG_WARN_CONSTANT_CONVERSION = YES;
				CLANG_WARN_DEPRECATED_OBJC_IMPLEMENTATIONS = YES;
				CLANG_WARN_DIRECT_OBJC_ISA_USAGE = YES_ERROR;
				CLANG_WARN_DOCUMENTATION_COMMENTS = YES;
				CLANG_WARN_EMPTY_BODY = YES;
				CLANG_WARN_ENUM_CONVERSION = YES;
				CLANG_WARN_INFINITE_RECURSION = YES;
				CLANG_WARN_INT_CONVERSION = YES;
				CLANG_WARN_NON_LITERAL_NULL_CONVERSION = YES;
				CLANG_WARN_OBJC_IMPLICIT_RETAIN_SELF = YES;
				CLANG_WARN_OBJC_LITERAL_CONVERSION = YES;
				CLANG_WARN_OBJC_ROOT_CLASS = YES_ERROR;
				CLANG_WARN_QUOTED_INCLUDE_IN_FRAMEWORK_HEADER = YES;
				CLANG_WARN_RANGE_LOOP_ANALYSIS = YES;
				CLANG_WARN_STRICT_PROTOTYPES = YES;
				CLANG_WARN_SUSPICIOUS_MOVE = YES;
				CLANG_WARN_UNGUARDED_AVAILABILITY = YES_AGGRESSIVE;
				CLANG_WARN_UNREACHABLE_CODE = YES;
				CLANG_WARN__DUPLICATE_METHOD_MATCH = YES;
				COPY_PHASE_STRIP = NO;
				DEBUG_INFORMATION_FORMAT = "dwarf-with-dsym";
				ENABLE_NS_ASSERTIONS = NO;
				ENABLE_STRICT_OBJC_MSGSEND = YES;
				ENABLE_USER_SCRIPT_SANDBOXING = YES;
				GCC_C_LANGUAGE_STANDARD = gnu17;
				GCC_NO_COMMON_BLOCKS = YES;
				GCC_WARN_64_TO_32_BIT_CONVERSION = YES;
				GCC_WARN_ABOUT_RETURN_TYPE = YES_ERROR;
				GCC_WARN_UNDECLARED_SELECTOR = YES;
				GCC_WARN_UNINITIALIZED_AUTOS = YES_AGGRESSIVE;
				GCC_WARN_UNUSED_FUNCTION = YES;
				GCC_WARN_UNUSED_VARIABLE = YES;
				IPHONEOS_DEPLOYMENT_TARGET = 17.2;
				LOCALIZATION_PREFERS_STRING_CATALOGS = YES;
				MTL_ENABLE_DEBUG_INFO = NO;
				MTL_FAST_MATH = YES;
				SDKROOT = iphoneos;
				SWIFT_COMPILATION_MODE = wholemodule;
				VALIDATE_PRODUCT = YES;
			};
			name = Release;
		};
		AEFF58172D035671008C1C70 /* Debug */ = {
			isa = XCBuildConfiguration;
			buildSettings = {
				ASSETCATALOG_COMPILER_APPICON_NAME = AppIcon;
				ASSETCATALOG_COMPILER_GLOBAL_ACCENT_COLOR_NAME = AccentColor;
				CODE_SIGN_STYLE = Automatic;
				CURRENT_PROJECT_VERSION = 1;
				DEVELOPMENT_TEAM = LWA242J8PQ;
				GENERATE_INFOPLIST_FILE = YES;
				INFOPLIST_FILE = "LWW-Element-Dictionary/Info.plist";
				INFOPLIST_KEY_UIApplicationSupportsIndirectInputEvents = YES;
				INFOPLIST_KEY_UILaunchStoryboardName = LaunchScreen;
				INFOPLIST_KEY_UIMainStoryboardFile = Main;
				INFOPLIST_KEY_UISupportedInterfaceOrientations_iPad = "UIInterfaceOrientationPortrait UIInterfaceOrientationPortraitUpsideDown UIInterfaceOrientationLandscapeLeft UIInterfaceOrientationLandscapeRight";
				INFOPLIST_KEY_UISupportedInterfaceOrientations_iPhone = "UIInterfaceOrientationPortrait UIInterfaceOrientationLandscapeLeft UIInterfaceOrientationLandscapeRight";
				LD_RUNPATH_SEARCH_PATHS = (
					"$(inherited)",
					"@executable_path/Frameworks",
				);
				MARKETING_VERSION = 1.0;
				PRODUCT_BUNDLE_IDENTIFIER = "UnknownID.LWW-Element-Dictionary";
				PRODUCT_NAME = "$(TARGET_NAME)";
				SWIFT_EMIT_LOC_STRINGS = YES;
				SWIFT_VERSION = 5.0;
				TARGETED_DEVICE_FAMILY = "1,2";
			};
			name = Debug;
		};
		AEFF58182D035671008C1C70 /* Release */ = {
			isa = XCBuildConfiguration;
			buildSettings = {
				ASSETCATALOG_COMPILER_APPICON_NAME = AppIcon;
				ASSETCATALOG_COMPILER_GLOBAL_ACCENT_COLOR_NAME = AccentColor;
				CODE_SIGN_STYLE = Automatic;
				CURRENT_PROJECT_VERSION = 1;
				DEVELOPMENT_TEAM = LWA242J8PQ;
				GENERATE_INFOPLIST_FILE = YES;
				INFOPLIST_FILE = "LWW-Element-Dictionary/Info.plist";
				INFOPLIST_KEY_UIApplicationSupportsIndirectInputEvents = YES;
				INFOPLIST_KEY_UILaunchStoryboardName = LaunchScreen;
				INFOPLIST_KEY_UIMainStoryboardFile = Main;
				INFOPLIST_KEY_UISupportedInterfaceOrientations_iPad = "UIInterfaceOrientationPortrait UIInterfaceOrientationPortraitUpsideDown UIInterfaceOrientationLandscapeLeft UIInterfaceOrientationLandscapeRight";
				INFOPLIST_KEY_UISupportedInterfaceOrientations_iPhone = "UIInterfaceOrientationPortrait UIInterfaceOrientationLandscapeLeft UIInterfaceOrientationLandscapeRight";
				LD_RUNPATH_SEARCH_PATHS = (
					"$(inherited)",
					"@executable_path/Frameworks",
				);
				MARKETING_VERSION = 1.0;
				PRODUCT_BUNDLE_IDENTIFIER = "UnknownID.LWW-Element-Dictionary";
				PRODUCT_NAME = "$(TARGET_NAME)";
				SWIFT_EMIT_LOC_STRINGS = YES;
				SWIFT_VERSION = 5.0;
				TARGETED_DEVICE_FAMILY = "1,2";
			};
			name = Release;
		};
		AEFF581A2D035671008C1C70 /* Debug */ = {
			isa = XCBuildConfiguration;
			buildSettings = {
				ALWAYS_EMBED_SWIFT_STANDARD_LIBRARIES = YES;
				BUNDLE_LOADER = "$(TEST_HOST)";
				CODE_SIGN_STYLE = Automatic;
				CURRENT_PROJECT_VERSION = 1;
				DEVELOPMENT_TEAM = LWA242J8PQ;
				GENERATE_INFOPLIST_FILE = YES;
				IPHONEOS_DEPLOYMENT_TARGET = 17.2;
				MARKETING_VERSION = 1.0;
				PRODUCT_BUNDLE_IDENTIFIER = "UnknownID.LWW-Element-DictionaryTests";
				PRODUCT_NAME = "$(TARGET_NAME)";
				SWIFT_EMIT_LOC_STRINGS = NO;
				SWIFT_VERSION = 5.0;
				TARGETED_DEVICE_FAMILY = "1,2";
				TEST_HOST = "$(BUILT_PRODUCTS_DIR)/LWW-Element-Dictionary.app/$(BUNDLE_EXECUTABLE_FOLDER_PATH)/LWW-Element-Dictionary";
			};
			name = Debug;
		};
		AEFF581B2D035671008C1C70 /* Release */ = {
			isa = XCBuildConfiguration;
			buildSettings = {
				ALWAYS_EMBED_SWIFT_STANDARD_LIBRARIES = YES;
				BUNDLE_LOADER = "$(TEST_HOST)";
				CODE_SIGN_STYLE = Automatic;
				CURRENT_PROJECT_VERSION = 1;
				DEVELOPMENT_TEAM = LWA242J8PQ;
				GENERATE_INFOPLIST_FILE = YES;
				IPHONEOS_DEPLOYMENT_TARGET = 17.2;
				MARKETING_VERSION = 1.0;
				PRODUCT_BUNDLE_IDENTIFIER = "UnknownID.LWW-Element-DictionaryTests";
				PRODUCT_NAME = "$(TARGET_NAME)";
				SWIFT_EMIT_LOC_STRINGS = NO;
				SWIFT_VERSION = 5.0;
				TARGETED_DEVICE_FAMILY = "1,2";
				TEST_HOST = "$(BUILT_PRODUCTS_DIR)/LWW-Element-Dictionary.app/$(BUNDLE_EXECUTABLE_FOLDER_PATH)/LWW-Element-Dictionary";
			};
			name = Release;
		};
		AEFF581D2D035671008C1C70 /* Debug */ = {
			isa = XCBuildConfiguration;
			buildSettings = {
				ALWAYS_EMBED_SWIFT_STANDARD_LIBRARIES = YES;
				CODE_SIGN_STYLE = Automatic;
				CURRENT_PROJECT_VERSION = 1;
				DEVELOPMENT_TEAM = LWA242J8PQ;
				GENERATE_INFOPLIST_FILE = YES;
				MARKETING_VERSION = 1.0;
				PRODUCT_BUNDLE_IDENTIFIER = "UnknownID.LWW-Element-DictionaryUITests";
				PRODUCT_NAME = "$(TARGET_NAME)";
				SWIFT_EMIT_LOC_STRINGS = NO;
				SWIFT_VERSION = 5.0;
				TARGETED_DEVICE_FAMILY = "1,2";
				TEST_TARGET_NAME = "LWW-Element-Dictionary";
			};
			name = Debug;
		};
		AEFF581E2D035671008C1C70 /* Release */ = {
			isa = XCBuildConfiguration;
			buildSettings = {
				ALWAYS_EMBED_SWIFT_STANDARD_LIBRARIES = YES;
				CODE_SIGN_STYLE = Automatic;
				CURRENT_PROJECT_VERSION = 1;
				DEVELOPMENT_TEAM = LWA242J8PQ;
				GENERATE_INFOPLIST_FILE = YES;
				MARKETING_VERSION = 1.0;
				PRODUCT_BUNDLE_IDENTIFIER = "UnknownID.LWW-Element-DictionaryUITests";
				PRODUCT_NAME = "$(TARGET_NAME)";
				SWIFT_EMIT_LOC_STRINGS = NO;
				SWIFT_VERSION = 5.0;
				TARGETED_DEVICE_FAMILY = "1,2";
				TEST_TARGET_NAME = "LWW-Element-Dictionary";
			};
			name = Release;
		};
/* End XCBuildConfiguration section */

/* Begin XCConfigurationList section */
		AEFF57E72D035670008C1C70 /* Build configuration list for PBXProject "LWW-Element-Dictionary" */ = {
			isa = XCConfigurationList;
			buildConfigurations = (
				AEFF58142D035671008C1C70 /* Debug */,
				AEFF58152D035671008C1C70 /* Release */,
			);
			defaultConfigurationIsVisible = 0;
			defaultConfigurationName = Release;
		};
		AEFF58162D035671008C1C70 /* Build configuration list for PBXNativeTarget "LWW-Element-Dictionary" */ = {
			isa = XCConfigurationList;
			buildConfigurations = (
				AEFF58172D035671008C1C70 /* Debug */,
				AEFF58182D035671008C1C70 /* Release */,
			);
			defaultConfigurationIsVisible = 0;
			defaultConfigurationName = Release;
		};
		AEFF58192D035671008C1C70 /* Build configuration list for PBXNativeTarget "LWW-Element-DictionaryTests" */ = {
			isa = XCConfigurationList;
			buildConfigurations = (
				AEFF581A2D035671008C1C70 /* Debug */,
				AEFF581B2D035671008C1C70 /* Release */,
			);
			defaultConfigurationIsVisible = 0;
			defaultConfigurationName = Release;
		};
		AEFF581C2D035671008C1C70 /* Build configuration list for PBXNativeTarget "LWW-Element-DictionaryUITests" */ = {
			isa = XCConfigurationList;
			buildConfigurations = (
				AEFF581D2D035671008C1C70 /* Debug */,
				AEFF581E2D035671008C1C70 /* Release */,
			);
			defaultConfigurationIsVisible = 0;
			defaultConfigurationName = Release;
		};
/* End XCConfigurationList section */
	};
	rootObject = AEFF57E42D035670008C1C70 /* Project object */;
}
